{
  "name": "exemplo-npm",
  "version": "1.0.0",
  "lockfileVersion": 2,
  "requires": true,
  "packages": {
    "": {
      "name": "exemplo-npm",
      "version": "1.0.0",
      "license": "ISC",
      "dependencies": {
        "nyancat": "^0.0.5"
      }
    },
    "node_modules/colors": {
      "version": "0.5.0",
      "resolved": "https://registry.npmjs.org/colors/-/colors-0.5.0.tgz",
      "integrity": "sha512-DJtS4jZW42qETwIXy2DzMEdR5CUaqKMikEpbVwezGE3d4HQAtqymihNHe/Sei9oenjJRRhkx62EWseRZZPH3GQ==",
      "engines": {
        "node": "*"
      }
    },
    "node_modules/nyancat": {
      "version": "0.0.5",
      "resolved": "https://registry.npmjs.org/nyancat/-/nyancat-0.0.5.tgz",
      "integrity": "sha512-Dqy6ZYLJseRnQSTNYq74iELcAaRQPltJpXLTNiRDk0KtSFo6qVH77Svef5UjaM9F/wZIK35jneuVzi/C6MticQ==",
      "dependencies": {
        "colors": "0.5.0"
      },
      "bin": {
        "nyancat": "nyancat.js"
      },
      "engines": {
        "node": "0.10.x"
      }
    }
  },
  "dependencies": {
    "colors": {
      "version": "0.5.0",
      "resolved": "https://registry.npmjs.org/colors/-/colors-0.5.0.tgz",
      "integrity": "sha512-DJtS4jZW42qETwIXy2DzMEdR5CUaqKMikEpbVwezGE3d4HQAtqymihNHe/Sei9oenjJRRhkx62EWseRZZPH3GQ=="
    },
    "nyancat": {
      "version": "0.0.5",
      "resolved": "https://registry.npmjs.org/nyancat/-/nyancat-0.0.5.tgz",
      "integrity": "sha512-Dqy6ZYLJseRnQSTNYq74iELcAaRQPltJpXLTNiRDk0KtSFo6qVH77Svef5UjaM9F/wZIK35jneuVzi/C6MticQ==",
      "requires": {
        "colors": "0.5.0"
      }
    }
  }
}
